<?xml version="1.0" encoding="UTF-8"?>
<Scheme
   LastUpgradeVersion = "0600"
   version = "1.3">
   <BuildAction
      parallelizeBuildables = "YES"
      buildImplicitDependencies = "YES">
      <BuildActionEntries>
         <BuildActionEntry
            buildForTesting = "YES"
            buildForRunning = "YES"
            buildForProfiling = "YES"
            buildForArchiving = "YES"
            buildForAnalyzing = "YES">
            <BuildableReference
               BuildableIdentifier = "primary"
               BlueprintIdentifier = "24F3CE4F1B08925700A85BA2"
               BuildableName = "09-UITabelView&#x6c7d;&#x8f66;&#x5217;&#x8868;.app"
               BlueprintName = "09-UITabelView&#x6c7d;&#x8f66;&#x5217;&#x8868;"
               ReferencedContainer = "container:09-UITabelView&#x6c7d;&#x8f66;&#x5217;&#x8868;.xcodeproj">
            </BuildableReference>
         </BuildActionEntry>
         <BuildActionEntry
            buildForTesting = "YES"
            buildForRunning = "YES"
            buildForProfiling = "NO"
            buildForArchiving = "NO"
            buildForAnalyzing = "YES">
            <BuildableReference
               BuildableIdentifier = "primary"
               BlueprintIdentifier = "24F3CE681B08925700A85BA2"
               BuildableName = "09-UITabelView&#x6c7d;&#x8f66;&#x5217;&#x8868;Tests.xctest"
               BlueprintName = "09-UITabelView&#x6c7d;&#x8f66;&#x5217;&#x8868;Tests"
               ReferencedContainer = "container:09-UITabelView&#x6c7d;&#x8f66;&#x5217;&#x8868;.xcodeproj">
            </BuildableReference>
         </BuildActionEntry>
      </BuildActionEntries>
   </BuildAction>
   <TestAction
      selectedDebuggerIdentifier = "Xcode.DebuggerFoundation.Debugger.LLDB"
      selectedLauncherIdentifier = "Xcode.DebuggerFoundation.Launcher.LLDB"
      shouldUseLaunchSchemeArgsEnv = "YES"
      buildConfiguration = "Debug">
      <Testables>
         <TestableReference
            skipped = "NO">
            <BuildableReference
               BuildableIdentifier = "primary"
               BlueprintIdentifier = "24F3CE681B08925700A85BA2"
               BuildableName = "09-UITabelView&#x6c7d;&#x8f66;&#x5217;&#x8868;Tests.xctest"
               BlueprintName = "09-UITabelView&#x6c7d;&#x8f66;&#x5217;&#x8868;Tests"
               ReferencedContainer = "container:09-UITabelView&#x6c7d;&#x8f66;&#x5217;&#x8868;.xcodeproj">
            </BuildableReference>
         </TestableReference>
      </Testables>
      <MacroExpansion>
         <BuildableReference
            BuildableIdentifier = "primary"
            BlueprintIdentifier = "24F3CE4F1B08925700A85BA2"
            BuildableName = "09-UITabelView&#x6c7d;&#x8f66;&#x5217;&#x8868;.app"
            BlueprintName = "09-UITabelView&#x6c7d;&#x8f66;&#x5217;&#x8868;"
            ReferencedContainer = "container:09-UITabelView&#x6c7d;&#x8f66;&#x5217;&#x8868;.xcodeproj">
         </BuildableReference>
      </MacroExpansion>
   </TestAction>
   <LaunchAction
      selectedDebuggerIdentifier = "Xcode.DebuggerFoundation.Debugger.LLDB"
      selectedLauncherIdentifier = "Xcode.DebuggerFoundation.Launcher.LLDB"
      launchStyle = "0"
      useCustomWorkingDirectory = "NO"
      buildConfiguration = "Debug"
      ignoresPersistentStateOnLaunch = "NO"
      debugDocumentVersioning = "YES"
      allowLocationSimulation = "YES">
      <BuildableProductRunnable>
         <BuildableReference
            BuildableIdentifier = "primary"
            BlueprintIdentifier = "24F3CE4F1B08925700A85BA2"
            BuildableName = "09-UITabelView&#x6c7d;&#x8f66;&#x5217;&#x8868;.app"
            BlueprintName = "09-UITabelView&#x6c7d;&#x8f66;&#x5217;&#x8868;"
            ReferencedContainer = "container:09-UITabelView&#x6c7d;&#x8f66;&#x5217;&#x8868;.xcodeproj">
         </BuildableReference>
      </BuildableProductRunnable>
      <AdditionalOptions>
      </AdditionalOptions>
   </LaunchAction>
   <ProfileAction
      shouldUseLaunchSchemeArgsEnv = "YES"
      savedToolIdentifier = ""
      useCustomWorkingDirectory = "NO"
      buildConfiguration = "Release"
      debugDocumentVersioning = "YES">
      <BuildableProductRunnable>
         <BuildableReference
            BuildableIdentifier = "primary"
            BlueprintIdentifier = "24F3CE4F1B08925700A85BA2"
            BuildableName = "09-UITabelView&#x6c7d;&#x8f66;&#x5217;&#x8868;.app"
            BlueprintName = "09-UITabelView&#x6c7d;&#x8f66;&#x5217;&#x8868;"
            ReferencedContainer = "container:09-UITabelView&#x6c7d;&#x8f66;&#x5217;&#x8868;.xcodeproj">
         </BuildableReference>
      </BuildableProductRunnable>
   </ProfileAction>
   <AnalyzeAction
      buildConfiguration = "Debug">
   </AnalyzeAction>
   <ArchiveAction
      buildConfiguration = "Release"
      revealArchiveInOrganizer = "YES">
   </ArchiveAction>
</Scheme>
